# This file is automatically @generated by Cargo.
# It is not intended for manual editing.
version = 4

[[package]]
name = "dq-client"
version = "0.0.0"
dependencies = [
 "dq-protocol",
]

[[package]]
name = "dq-domain"
version = "0.0.0"

[[package]]
name = "dq-engine"
version = "0.0.0"
dependencies = [
 "dq-domain",
]

[[package]]
name = "dq-protocol"
version = "0.0.0"

[[package]]
name = "dq-server"
version = "0.0.0"
dependencies = [
 "dq-protocol",
]
